{
  "version": 4,
  "terraform_version": "1.12.2",
  "serial": 10,
  "lineage": "3abd218e-3bc7-8dd0-293d-27e539cda54b",
  "outputs": {},
  "resources": [
    {
      "mode": "managed",
      "type": "aws_s3_bucket",
      "name": "adc_files",
      "provider": "provider[\"registry.terraform.io/hashicorp/aws\"]",
      "instances": [
        {
          "schema_version": 0,
          "attributes": {
            "acceleration_status": "",
            "acl": null,
            "arn": "arn:aws:s3:::ai-data-cleanser-files",
            "bucket": "ai-data-cleanser-files",
            "bucket_domain_name": "ai-data-cleanser-files.s3.amazonaws.com",
            "bucket_prefix": "",
            "bucket_region": "ap-southeast-3",
            "bucket_regional_domain_name": "ai-data-cleanser-files.s3.ap-southeast-3.amazonaws.com",
            "cors_rule": [
              {
                "allowed_headers": [
                  "*"
                ],
                "allowed_methods": [
                  "POST",
                  "GET",
                  "DELETE",
                  "PUT"
                ],
                "allowed_origins": [
                  "http://localhost:3000",
                  "https://ai-data-cleanser.sqe.co.id",
                  "http://ai-data-cleanser.sqe.co.id"
                ],
                "expose_headers": [
                  "ETag"
                ],
                "max_age_seconds": 3000
              }
            ],
            "force_destroy": false,
            "grant": [
              {
                "id": "23be2d04a59518a0e3d3bc999d7cd97d7ef8ed3c97850bd27a9c0c0df11007f3",
                "permissions": [
                  "FULL_CONTROL"
                ],
                "type": "CanonicalUser",
                "uri": ""
              }
            ],
            "hosted_zone_id": "Z01846753K324LI26A3VV",
            "id": "ai-data-cleanser-files",
            "lifecycle_rule": [],
            "logging": [],
            "object_lock_configuration": [],
            "object_lock_enabled": false,
            "policy": "",
            "region": "ap-southeast-3",
            "replication_configuration": [],
            "request_payer": "BucketOwner",
            "server_side_encryption_configuration": [
              {
                "rule": [
                  {
                    "apply_server_side_encryption_by_default": [
                      {
                        "kms_master_key_id": "",
                        "sse_algorithm": "AES256"
                      }
                    ],
                    "bucket_key_enabled": false
                  }
                ]
              }
            ],
            "tags": {
              "Environment": "dev",
              "ManagedBy": "Terraform",
              "Name": "adc-files",
              "Project": "adc"
            },
            "tags_all": {
              "Environment": "dev",
              "ManagedBy": "Terraform",
              "Name": "adc-files",
              "Project": "adc"
            },
            "timeouts": null,
            "versioning": [
              {
                "enabled": true,
                "mfa_delete": false
              }
            ],
            "website": [],
            "website_domain": null,
            "website_endpoint": null
          },
          "sensitive_attributes": [],
          "identity_schema_version": 0,
          "identity": {
            "account_id": "012558362688",
            "bucket": "ai-data-cleanser-files",
            "region": "ap-southeast-3"
          },
          "private": "eyJlMmJmYjczMC1lY2FhLTExZTYtOGY4OC0zNDM2M2JjN2M0YzAiOnsiY3JlYXRlIjoxMjAwMDAwMDAwMDAwLCJkZWxldGUiOjM2MDAwMDAwMDAwMDAsInJlYWQiOjEyMDAwMDAwMDAwMDAsInVwZGF0ZSI6MTIwMDAwMDAwMDAwMH19"
        }
      ]
    },
    {
      "mode": "managed",
      "type": "aws_s3_bucket_cors_configuration",
      "name": "adc_files_cors",
      "provider": "provider[\"registry.terraform.io/hashicorp/aws\"]",
      "instances": [
        {
          "schema_version": 0,
          "attributes": {
            "bucket": "ai-data-cleanser-files",
            "cors_rule": [
              {
                "allowed_headers": [
                  "*"
                ],
                "allowed_methods": [
                  "DELETE",
                  "GET",
                  "POST",
                  "PUT"
                ],
                "allowed_origins": [
                  "http://ai-data-cleanser.sqe.co.id",
                  "http://localhost:3000",
                  "http://transformer.sqe.co.id",
                  "https://ai-data-cleanser.sqe.co.id",
                  "https://transformer.sqe.co.id"
                ],
                "expose_headers": [
                  "ETag"
                ],
                "id": "",
                "max_age_seconds": 3000
              }
            ],
            "expected_bucket_owner": "",
            "id": "ai-data-cleanser-files",
            "region": "ap-southeast-3"
          },
          "sensitive_attributes": [],
          "identity_schema_version": 0,
          "identity": {
            "account_id": "012558362688",
            "bucket": "ai-data-cleanser-files",
            "expected_bucket_owner": null,
            "region": "ap-southeast-3"
          },
          "private": "bnVsbA==",
          "dependencies": [
            "aws_s3_bucket.adc_files"
          ]
        }
      ]
    },
    {
      "mode": "managed",
      "type": "aws_s3_bucket_public_access_block",
      "name": "adc_files_public_access",
      "provider": "provider[\"registry.terraform.io/hashicorp/aws\"]",
      "instances": [
        {
          "schema_version": 0,
          "attributes": {
            "block_public_acls": true,
            "block_public_policy": true,
            "bucket": "ai-data-cleanser-files",
            "id": "ai-data-cleanser-files",
            "ignore_public_acls": true,
            "region": "ap-southeast-3",
            "restrict_public_buckets": true,
            "skip_destroy": null
          },
          "sensitive_attributes": [],
          "identity_schema_version": 0,
          "identity": {
            "account_id": "012558362688",
            "bucket": "ai-data-cleanser-files",
            "region": "ap-southeast-3"
          },
          "private": "bnVsbA==",
          "dependencies": [
            "aws_s3_bucket.adc_files"
          ]
        }
      ]
    },
    {
      "mode": "managed",
      "type": "aws_s3_bucket_server_side_encryption_configuration",
      "name": "adc_files_encryption",
      "provider": "provider[\"registry.terraform.io/hashicorp/aws\"]",
      "instances": [
        {
          "schema_version": 0,
          "attributes": {
            "bucket": "ai-data-cleanser-files",
            "expected_bucket_owner": "",
            "id": "ai-data-cleanser-files",
            "region": "ap-southeast-3",
            "rule": [
              {
                "apply_server_side_encryption_by_default": [
                  {
                    "kms_master_key_id": "",
                    "sse_algorithm": "AES256"
                  }
                ],
                "blocked_encryption_types": [],
                "bucket_key_enabled": null
              }
            ]
          },
          "sensitive_attributes": [],
          "identity_schema_version": 0,
          "identity": {
            "account_id": "012558362688",
            "bucket": "ai-data-cleanser-files",
            "expected_bucket_owner": null,
            "region": "ap-southeast-3"
          },
          "private": "bnVsbA==",
          "dependencies": [
            "aws_s3_bucket.adc_files"
          ]
        }
      ]
    },
    {
      "mode": "managed",
      "type": "aws_s3_bucket_versioning",
      "name": "adc_files_versioning",
      "provider": "provider[\"registry.terraform.io/hashicorp/aws\"]",
      "instances": [
        {
          "schema_version": 0,
          "attributes": {
            "bucket": "ai-data-cleanser-files",
            "expected_bucket_owner": "",
            "id": "ai-data-cleanser-files",
            "mfa": null,
            "region": "ap-southeast-3",
            "versioning_configuration": [
              {
                "mfa_delete": "",
                "status": "Enabled"
              }
            ]
          },
          "sensitive_attributes": [],
          "identity_schema_version": 0,
          "identity": {
            "account_id": "012558362688",
            "bucket": "ai-data-cleanser-files",
            "expected_bucket_owner": null,
            "region": "ap-southeast-3"
          },
          "private": "bnVsbA==",
          "dependencies": [
            "aws_s3_bucket.adc_files"
          ]
        }
      ]
    }
  ],
  "check_results": null
}
